
Microsoft Visual Studio Solution File, Format Version 12.00
# Visual Studio 15
VisualStudioVersion = 15.0.26403.7
MinimumVisualStudioVersion = 10.0.40219.1
Project("{FAE04EC0-301F-11D3-BF4B-00C04F79EFBC}") = "EndGameTests", "EndGameTests\EndGameTests.csproj", "{58067CFB-7C33-4864-9B08-63EF2DDAD00D}"
EndProject
Project("{FAE04EC0-301F-11D3-BF4B-00C04F79EFBC}") = "EndGame", "EndGame\EndGame.csproj", "{5601A829-037B-4142-94A3-39D6624FE001}"
EndProject
Project("{FAE04EC0-301F-11D3-BF4B-00C04F79EFBC}") = "EndGame.Plugin", "EndGame.Plugin\EndGame.Plugin.csproj", "{1348CF64-06DD-47E3-95D5-A02F9D226118}"
EndProject
Global
	GlobalSection(SolutionConfigurationPlatforms) = preSolution
		Debug|Any CPU = Debug|Any CPU
		Debug|x86 = Debug|x86
		Release|Any CPU = Release|Any CPU
		Release|x86 = Release|x86
		x86|Any CPU = x86|Any CPU
		x86|x86 = x86|x86
	EndGlobalSection
	GlobalSection(ProjectConfigurationPlatforms) = postSolution
		{58067CFB-7C33-4864-9B08-63EF2DDAD00D}.Debug|Any CPU.ActiveCfg = Debug|Any CPU
		{58067CFB-7C33-4864-9B08-63EF2DDAD00D}.Debug|Any CPU.Build.0 = Debug|Any CPU
		{58067CFB-7C33-4864-9B08-63EF2DDAD00D}.Debug|x86.ActiveCfg = Debug|x86
		{58067CFB-7C33-4864-9B08-63EF2DDAD00D}.Debug|x86.Build.0 = Debug|x86
		{58067CFB-7C33-4864-9B08-63EF2DDAD00D}.Release|Any CPU.ActiveCfg = Release|Any CPU
		{58067CFB-7C33-4864-9B08-63EF2DDAD00D}.Release|Any CPU.Build.0 = Release|Any CPU
		{58067CFB-7C33-4864-9B08-63EF2DDAD00D}.Release|x86.ActiveCfg = Release|x86
		{58067CFB-7C33-4864-9B08-63EF2DDAD00D}.Release|x86.Build.0 = Release|x86
		{58067CFB-7C33-4864-9B08-63EF2DDAD00D}.x86|Any CPU.ActiveCfg = Release|Any CPU
		{58067CFB-7C33-4864-9B08-63EF2DDAD00D}.x86|Any CPU.Build.0 = Release|Any CPU
		{58067CFB-7C33-4864-9B08-63EF2DDAD00D}.x86|x86.ActiveCfg = Release|x86
		{58067CFB-7C33-4864-9B08-63EF2DDAD00D}.x86|x86.Build.0 = Release|x86
		{5601A829-037B-4142-94A3-39D6624FE001}.Debug|Any CPU.ActiveCfg = Debug|Any CPU
		{5601A829-037B-4142-94A3-39D6624FE001}.Debug|Any CPU.Build.0 = Debug|Any CPU
		{5601A829-037B-4142-94A3-39D6624FE001}.Debug|x86.ActiveCfg = Debug|x86
		{5601A829-037B-4142-94A3-39D6624FE001}.Debug|x86.Build.0 = Debug|x86
		{5601A829-037B-4142-94A3-39D6624FE001}.Release|Any CPU.ActiveCfg = Release|Any CPU
		{5601A829-037B-4142-94A3-39D6624FE001}.Release|Any CPU.Build.0 = Release|Any CPU
		{5601A829-037B-4142-94A3-39D6624FE001}.Release|x86.ActiveCfg = Release|x86
		{5601A829-037B-4142-94A3-39D6624FE001}.Release|x86.Build.0 = Release|x86
		{5601A829-037B-4142-94A3-39D6624FE001}.x86|Any CPU.ActiveCfg = Release|Any CPU
		{5601A829-037B-4142-94A3-39D6624FE001}.x86|Any CPU.Build.0 = Release|Any CPU
		{5601A829-037B-4142-94A3-39D6624FE001}.x86|x86.ActiveCfg = Release|x86
		{5601A829-037B-4142-94A3-39D6624FE001}.x86|x86.Build.0 = Release|x86
		{1348CF64-06DD-47E3-95D5-A02F9D226118}.Debug|Any CPU.ActiveCfg = Debug|Any CPU
		{1348CF64-06DD-47E3-95D5-A02F9D226118}.Debug|Any CPU.Build.0 = Debug|Any CPU
		{1348CF64-06DD-47E3-95D5-A02F9D226118}.Debug|x86.ActiveCfg = Debug|x86
		{1348CF64-06DD-47E3-95D5-A02F9D226118}.Debug|x86.Build.0 = Debug|x86
		{1348CF64-06DD-47E3-95D5-A02F9D226118}.Release|Any CPU.ActiveCfg = Release|Any CPU
		{1348CF64-06DD-47E3-95D5-A02F9D226118}.Release|Any CPU.Build.0 = Release|Any CPU
		{1348CF64-06DD-47E3-95D5-A02F9D226118}.Release|x86.ActiveCfg = Release|x86
		{1348CF64-06DD-47E3-95D5-A02F9D226118}.Release|x86.Build.0 = Release|x86
		{1348CF64-06DD-47E3-95D5-A02F9D226118}.x86|Any CPU.ActiveCfg = Release|Any CPU
		{1348CF64-06DD-47E3-95D5-A02F9D226118}.x86|Any CPU.Build.0 = Release|Any CPU
		{1348CF64-06DD-47E3-95D5-A02F9D226118}.x86|x86.ActiveCfg = Release|x86
		{1348CF64-06DD-47E3-95D5-A02F9D226118}.x86|x86.Build.0 = Release|x86
	EndGlobalSection
	GlobalSection(SolutionProperties) = preSolution
		HideSolutionNode = FALSE
	EndGlobalSection
EndGlobal
